
Microsoft Visual Studio Solution File, Format Version 12.00
# Visual Studio Version 17
VisualStudioVersion = 17.4.33122.133
MinimumVisualStudioVersion = 10.0.40219.1
Project("{9A19103F-16F7-4668-BE54-9A1E7A4F7556}") = "SharedKernel", "SharedKernel\SharedKernel.csproj", "{C35123D4-1BF8-4415-B199-F44CA07EE4EC}"
EndProject
Project("{9A19103F-16F7-4668-BE54-9A1E7A4F7556}") = "Day01", "Day01\Day01.csproj", "{4459E1FF-9786-4CBF-9DC1-014203B15466}"
EndProject
Project("{9A19103F-16F7-4668-BE54-9A1E7A4F7556}") = "Day02", "Day02\Day02.csproj", "{90F0CCD7-2EE1-4013-A640-E36C135724A0}"
EndProject
Project("{FAE04EC0-301F-11D3-BF4B-00C04F79EFBC}") = "Day03", "Day03\Day03.csproj", "{67D3742D-EF0A-455F-A572-F1B9A2141791}"
EndProject
Global
	GlobalSection(SolutionConfigurationPlatforms) = preSolution
		Debug|Any CPU = Debug|Any CPU
		Release|Any CPU = Release|Any CPU
	EndGlobalSection
	GlobalSection(ProjectConfigurationPlatforms) = postSolution
		{C35123D4-1BF8-4415-B199-F44CA07EE4EC}.Debug|Any CPU.ActiveCfg = Debug|Any CPU
		{C35123D4-1BF8-4415-B199-F44CA07EE4EC}.Debug|Any CPU.Build.0 = Debug|Any CPU
		{C35123D4-1BF8-4415-B199-F44CA07EE4EC}.Release|Any CPU.ActiveCfg = Release|Any CPU
		{C35123D4-1BF8-4415-B199-F44CA07EE4EC}.Release|Any CPU.Build.0 = Release|Any CPU
		{4459E1FF-9786-4CBF-9DC1-014203B15466}.Debug|Any CPU.ActiveCfg = Debug|Any CPU
		{4459E1FF-9786-4CBF-9DC1-014203B15466}.Debug|Any CPU.Build.0 = Debug|Any CPU
		{4459E1FF-9786-4CBF-9DC1-014203B15466}.Release|Any CPU.ActiveCfg = Release|Any CPU
		{4459E1FF-9786-4CBF-9DC1-014203B15466}.Release|Any CPU.Build.0 = Release|Any CPU
		{90F0CCD7-2EE1-4013-A640-E36C135724A0}.Debug|Any CPU.ActiveCfg = Debug|Any CPU
		{90F0CCD7-2EE1-4013-A640-E36C135724A0}.Debug|Any CPU.Build.0 = Debug|Any CPU
		{90F0CCD7-2EE1-4013-A640-E36C135724A0}.Release|Any CPU.ActiveCfg = Release|Any CPU
		{90F0CCD7-2EE1-4013-A640-E36C135724A0}.Release|Any CPU.Build.0 = Release|Any CPU
		{67D3742D-EF0A-455F-A572-F1B9A2141791}.Debug|Any CPU.ActiveCfg = Debug|Any CPU
		{67D3742D-EF0A-455F-A572-F1B9A2141791}.Debug|Any CPU.Build.0 = Debug|Any CPU
		{67D3742D-EF0A-455F-A572-F1B9A2141791}.Release|Any CPU.ActiveCfg = Release|Any CPU
		{67D3742D-EF0A-455F-A572-F1B9A2141791}.Release|Any CPU.Build.0 = Release|Any CPU
	EndGlobalSection
	GlobalSection(SolutionProperties) = preSolution
		HideSolutionNode = FALSE
	EndGlobalSection
	GlobalSection(ExtensibilityGlobals) = postSolution
		SolutionGuid = {675B03BA-8693-423B-954A-E6223411FDDF}
	EndGlobalSection
EndGlobal
