
Microsoft Visual Studio Solution File, Format Version 12.00
# Visual Studio Version 17
VisualStudioVersion = 17.4.33122.133
MinimumVisualStudioVersion = 10.0.40219.1
Project("{9A19103F-16F7-4668-BE54-9A1E7A4F7556}") = "SharedKernel", "SharedKernel\SharedKernel.csproj", "{C35123D4-1BF8-4415-B199-F44CA07EE4EC}"
EndProject
Project("{9A19103F-16F7-4668-BE54-9A1E7A4F7556}") = "Day01", "Day01\Day01.csproj", "{4459E1FF-9786-4CBF-9DC1-014203B15466}"
EndProject
Project("{9A19103F-16F7-4668-BE54-9A1E7A4F7556}") = "Day02", "Day02\Day02.csproj", "{90F0CCD7-2EE1-4013-A640-E36C135724A0}"
EndProject
Project("{9A19103F-16F7-4668-BE54-9A1E7A4F7556}") = "Day03", "Day03\Day03.csproj", "{67D3742D-EF0A-455F-A572-F1B9A2141791}"
EndProject
Project("{9A19103F-16F7-4668-BE54-9A1E7A4F7556}") = "Day04", "Day04\Day04.csproj", "{870EF9EE-8F93-41E6-8B9B-CB93B89C17C2}"
EndProject
Project("{9A19103F-16F7-4668-BE54-9A1E7A4F7556}") = "Day05", "Day05\Day05.csproj", "{80C0670E-1684-4AB0-AFDB-F3EA2AA86A18}"
EndProject
Project("{9A19103F-16F7-4668-BE54-9A1E7A4F7556}") = "Day06", "Day06\Day06.csproj", "{81B8B3AA-39E6-4B8C-8BC4-BB7B487F2073}"
EndProject
Project("{9A19103F-16F7-4668-BE54-9A1E7A4F7556}") = "Day07", "Day07\Day07.csproj", "{1B2CD48D-C7E9-429A-BFA7-A5F315ACFACB}"
EndProject
Project("{9A19103F-16F7-4668-BE54-9A1E7A4F7556}") = "Day08", "Day08\Day08.csproj", "{F915B483-B61B-477E-9092-A9B369B47B12}"
EndProject
Project("{9A19103F-16F7-4668-BE54-9A1E7A4F7556}") = "Day09", "Day09\Day09.csproj", "{7BFEC209-4C52-4A3C-917D-F5807A533CA9}"
EndProject
Project("{9A19103F-16F7-4668-BE54-9A1E7A4F7556}") = "Day10", "Day10\Day10.csproj", "{3599E624-355A-4CD7-B746-05711B2ED252}"
EndProject
Project("{9A19103F-16F7-4668-BE54-9A1E7A4F7556}") = "Day11", "Day11\Day11.csproj", "{72DEC92C-3DBA-4B29-AF17-987BD690CE74}"
EndProject
Project("{9A19103F-16F7-4668-BE54-9A1E7A4F7556}") = "Day12", "Day12\Day12.csproj", "{BBBCD906-C109-4055-BEB0-93B9CCA65FE7}"
EndProject
Project("{9A19103F-16F7-4668-BE54-9A1E7A4F7556}") = "Day13", "Day13\Day13.csproj", "{E3E99B98-3EF7-477A-8B2A-8DA3B5B33435}"
EndProject
Project("{FAE04EC0-301F-11D3-BF4B-00C04F79EFBC}") = "Day14", "Day14\Day14.csproj", "{32C0F378-765F-4686-9118-C02E88112A91}"
EndProject
Global
	GlobalSection(SolutionConfigurationPlatforms) = preSolution
		Debug|Any CPU = Debug|Any CPU
		Release|Any CPU = Release|Any CPU
	EndGlobalSection
	GlobalSection(ProjectConfigurationPlatforms) = postSolution
		{C35123D4-1BF8-4415-B199-F44CA07EE4EC}.Debug|Any CPU.ActiveCfg = Debug|Any CPU
		{C35123D4-1BF8-4415-B199-F44CA07EE4EC}.Debug|Any CPU.Build.0 = Debug|Any CPU
		{C35123D4-1BF8-4415-B199-F44CA07EE4EC}.Release|Any CPU.ActiveCfg = Release|Any CPU
		{C35123D4-1BF8-4415-B199-F44CA07EE4EC}.Release|Any CPU.Build.0 = Release|Any CPU
		{4459E1FF-9786-4CBF-9DC1-014203B15466}.Debug|Any CPU.ActiveCfg = Debug|Any CPU
		{4459E1FF-9786-4CBF-9DC1-014203B15466}.Debug|Any CPU.Build.0 = Debug|Any CPU
		{4459E1FF-9786-4CBF-9DC1-014203B15466}.Release|Any CPU.ActiveCfg = Release|Any CPU
		{4459E1FF-9786-4CBF-9DC1-014203B15466}.Release|Any CPU.Build.0 = Release|Any CPU
		{90F0CCD7-2EE1-4013-A640-E36C135724A0}.Debug|Any CPU.ActiveCfg = Debug|Any CPU
		{90F0CCD7-2EE1-4013-A640-E36C135724A0}.Debug|Any CPU.Build.0 = Debug|Any CPU
		{90F0CCD7-2EE1-4013-A640-E36C135724A0}.Release|Any CPU.ActiveCfg = Release|Any CPU
		{90F0CCD7-2EE1-4013-A640-E36C135724A0}.Release|Any CPU.Build.0 = Release|Any CPU
		{67D3742D-EF0A-455F-A572-F1B9A2141791}.Debug|Any CPU.ActiveCfg = Debug|Any CPU
		{67D3742D-EF0A-455F-A572-F1B9A2141791}.Debug|Any CPU.Build.0 = Debug|Any CPU
		{67D3742D-EF0A-455F-A572-F1B9A2141791}.Release|Any CPU.ActiveCfg = Release|Any CPU
		{67D3742D-EF0A-455F-A572-F1B9A2141791}.Release|Any CPU.Build.0 = Release|Any CPU
		{870EF9EE-8F93-41E6-8B9B-CB93B89C17C2}.Debug|Any CPU.ActiveCfg = Debug|Any CPU
		{870EF9EE-8F93-41E6-8B9B-CB93B89C17C2}.Debug|Any CPU.Build.0 = Debug|Any CPU
		{870EF9EE-8F93-41E6-8B9B-CB93B89C17C2}.Release|Any CPU.ActiveCfg = Release|Any CPU
		{870EF9EE-8F93-41E6-8B9B-CB93B89C17C2}.Release|Any CPU.Build.0 = Release|Any CPU
		{80C0670E-1684-4AB0-AFDB-F3EA2AA86A18}.Debug|Any CPU.ActiveCfg = Debug|Any CPU
		{80C0670E-1684-4AB0-AFDB-F3EA2AA86A18}.Debug|Any CPU.Build.0 = Debug|Any CPU
		{80C0670E-1684-4AB0-AFDB-F3EA2AA86A18}.Release|Any CPU.ActiveCfg = Release|Any CPU
		{80C0670E-1684-4AB0-AFDB-F3EA2AA86A18}.Release|Any CPU.Build.0 = Release|Any CPU
		{81B8B3AA-39E6-4B8C-8BC4-BB7B487F2073}.Debug|Any CPU.ActiveCfg = Debug|Any CPU
		{81B8B3AA-39E6-4B8C-8BC4-BB7B487F2073}.Debug|Any CPU.Build.0 = Debug|Any CPU
		{81B8B3AA-39E6-4B8C-8BC4-BB7B487F2073}.Release|Any CPU.ActiveCfg = Release|Any CPU
		{81B8B3AA-39E6-4B8C-8BC4-BB7B487F2073}.Release|Any CPU.Build.0 = Release|Any CPU
		{1B2CD48D-C7E9-429A-BFA7-A5F315ACFACB}.Debug|Any CPU.ActiveCfg = Debug|Any CPU
		{1B2CD48D-C7E9-429A-BFA7-A5F315ACFACB}.Debug|Any CPU.Build.0 = Debug|Any CPU
		{1B2CD48D-C7E9-429A-BFA7-A5F315ACFACB}.Release|Any CPU.ActiveCfg = Release|Any CPU
		{1B2CD48D-C7E9-429A-BFA7-A5F315ACFACB}.Release|Any CPU.Build.0 = Release|Any CPU
		{F915B483-B61B-477E-9092-A9B369B47B12}.Debug|Any CPU.ActiveCfg = Debug|Any CPU
		{F915B483-B61B-477E-9092-A9B369B47B12}.Debug|Any CPU.Build.0 = Debug|Any CPU
		{F915B483-B61B-477E-9092-A9B369B47B12}.Release|Any CPU.ActiveCfg = Release|Any CPU
		{F915B483-B61B-477E-9092-A9B369B47B12}.Release|Any CPU.Build.0 = Release|Any CPU
		{7BFEC209-4C52-4A3C-917D-F5807A533CA9}.Debug|Any CPU.ActiveCfg = Debug|Any CPU
		{7BFEC209-4C52-4A3C-917D-F5807A533CA9}.Debug|Any CPU.Build.0 = Debug|Any CPU
		{7BFEC209-4C52-4A3C-917D-F5807A533CA9}.Release|Any CPU.ActiveCfg = Release|Any CPU
		{7BFEC209-4C52-4A3C-917D-F5807A533CA9}.Release|Any CPU.Build.0 = Release|Any CPU
		{3599E624-355A-4CD7-B746-05711B2ED252}.Debug|Any CPU.ActiveCfg = Debug|Any CPU
		{3599E624-355A-4CD7-B746-05711B2ED252}.Debug|Any CPU.Build.0 = Debug|Any CPU
		{3599E624-355A-4CD7-B746-05711B2ED252}.Release|Any CPU.ActiveCfg = Release|Any CPU
		{3599E624-355A-4CD7-B746-05711B2ED252}.Release|Any CPU.Build.0 = Release|Any CPU
		{72DEC92C-3DBA-4B29-AF17-987BD690CE74}.Debug|Any CPU.ActiveCfg = Debug|Any CPU
		{72DEC92C-3DBA-4B29-AF17-987BD690CE74}.Debug|Any CPU.Build.0 = Debug|Any CPU
		{72DEC92C-3DBA-4B29-AF17-987BD690CE74}.Release|Any CPU.ActiveCfg = Release|Any CPU
		{72DEC92C-3DBA-4B29-AF17-987BD690CE74}.Release|Any CPU.Build.0 = Release|Any CPU
		{BBBCD906-C109-4055-BEB0-93B9CCA65FE7}.Debug|Any CPU.ActiveCfg = Debug|Any CPU
		{BBBCD906-C109-4055-BEB0-93B9CCA65FE7}.Debug|Any CPU.Build.0 = Debug|Any CPU
		{BBBCD906-C109-4055-BEB0-93B9CCA65FE7}.Release|Any CPU.ActiveCfg = Release|Any CPU
		{BBBCD906-C109-4055-BEB0-93B9CCA65FE7}.Release|Any CPU.Build.0 = Release|Any CPU
		{E3E99B98-3EF7-477A-8B2A-8DA3B5B33435}.Debug|Any CPU.ActiveCfg = Debug|Any CPU
		{E3E99B98-3EF7-477A-8B2A-8DA3B5B33435}.Debug|Any CPU.Build.0 = Debug|Any CPU
		{E3E99B98-3EF7-477A-8B2A-8DA3B5B33435}.Release|Any CPU.ActiveCfg = Release|Any CPU
		{E3E99B98-3EF7-477A-8B2A-8DA3B5B33435}.Release|Any CPU.Build.0 = Release|Any CPU
		{32C0F378-765F-4686-9118-C02E88112A91}.Debug|Any CPU.ActiveCfg = Debug|Any CPU
		{32C0F378-765F-4686-9118-C02E88112A91}.Debug|Any CPU.Build.0 = Debug|Any CPU
		{32C0F378-765F-4686-9118-C02E88112A91}.Release|Any CPU.ActiveCfg = Release|Any CPU
		{32C0F378-765F-4686-9118-C02E88112A91}.Release|Any CPU.Build.0 = Release|Any CPU
	EndGlobalSection
	GlobalSection(SolutionProperties) = preSolution
		HideSolutionNode = FALSE
	EndGlobalSection
	GlobalSection(ExtensibilityGlobals) = postSolution
		SolutionGuid = {675B03BA-8693-423B-954A-E6223411FDDF}
	EndGlobalSection
EndGlobal
